github.com/eko/gocache/lib/v4 v4.2.0 h1:MNykyi5Xw+5Wu3+PUrvtOCaKSZM1nUSVftbzmeC7Yuw=
github.com/eko/gocache/lib/v4 v4.2.0/go.mod h1:7ViVmbU+CzDHzRpmB4SXKyyzyuJ8A3UW3/cszpcqB4M=
github.com/patrickmn/go-cache v2.1.0+incompatible h1:HRMgzkcYKYpi3C8ajMPV8OFXaaRUnok+kx1WdO15EQc=
github.com/patrickmn/go-cache v2.1.0+incompatible/go.mod h1:3Qf8kWWT7OJRJbdiICTKqZju1ZixQ/KpMGzzAfe6+WQ=
